// !$*UTF8*$!
{
	archiveVersion = 1;
	classes = {
	};
	objectVersion = 56;
	objects = {

/* Begin PBXBuildFile section */
		6256D0E62B0077FE00F8A781 /* QuestaoViewController.swift in Sources */ = {isa = PBXBuildFile; fileRef = 6256D0E52B0077FE00F8A781 /* QuestaoViewController.swift */; };
		6256D0E82B0163D500F8A781 /* Questao.swift in Sources */ = {isa = PBXBuildFile; fileRef = 6256D0E72B0163D500F8A781 /* Questao.swift */; };
		6256D0EA2B01729A00F8A781 /* DesempenhoViewController.swift in Sources */ = {isa = PBXBuildFile; fileRef = 6256D0E92B01729A00F8A781 /* DesempenhoViewController.swift */; };
		6256D0EF2B01CE6000F8A781 /* UiColor.swift in Sources */ = {isa = PBXBuildFile; fileRef = 6256D0EE2B01CE6000F8A781 /* UiColor.swift */; };
		627795DD2AD38D14009E01EA /* AppDelegate.swift in Sources */ = {isa = PBXBuildFile; fileRef = 627795DC2AD38D14009E01EA /* AppDelegate.swift */; };
		627795DF2AD38D14009E01EA /* SceneDelegate.swift in Sources */ = {isa = PBXBuildFile; fileRef = 627795DE2AD38D14009E01EA /* SceneDelegate.swift */; };
		627795E12AD38D14009E01EA /* ViewController.swift in Sources */ = {isa = PBXBuildFile; fileRef = 627795E02AD38D14009E01EA /* ViewController.swift */; };
		627795E42AD38D14009E01EA /* Main.storyboard in Resources */ = {isa = PBXBuildFile; fileRef = 627795E22AD38D14009E01EA /* Main.storyboard */; };
		627795E62AD38D16009E01EA /* Assets.xcassets in Resources */ = {isa = PBXBuildFile; fileRef = 627795E52AD38D16009E01EA /* Assets.xcassets */; };
		627795E92AD38D16009E01EA /* LaunchScreen.storyboard in Resources */ = {isa = PBXBuildFile; fileRef = 627795E72AD38D16009E01EA /* LaunchScreen.storyboard */; };
/* End PBXBuildFile section */

/* Begin PBXFileReference section */
		6256D0E52B0077FE00F8A781 /* QuestaoViewController.swift */ = {isa = PBXFileReference; lastKnownFileType = sourcecode.swift; path = QuestaoViewController.swift; sourceTree = "<group>"; };
		6256D0E72B0163D500F8A781 /* Questao.swift */ = {isa = PBXFileReference; lastKnownFileType = sourcecode.swift; path = Questao.swift; sourceTree = "<group>"; };
		6256D0E92B01729A00F8A781 /* DesempenhoViewController.swift */ = {isa = PBXFileReference; lastKnownFileType = sourcecode.swift; path = DesempenhoViewController.swift; sourceTree = "<group>"; };
		6256D0EE2B01CE6000F8A781 /* UiColor.swift */ = {isa = PBXFileReference; lastKnownFileType = sourcecode.swift; path = UiColor.swift; sourceTree = "<group>"; };
		627795D92AD38D14009E01EA /* IQuiz.app */ = {isa = PBXFileReference; explicitFileType = wrapper.application; includeInIndex = 0; path = IQuiz.app; sourceTree = BUILT_PRODUCTS_DIR; };
		627795DC2AD38D14009E01EA /* AppDelegate.swift */ = {isa = PBXFileReference; lastKnownFileType = sourcecode.swift; path = AppDelegate.swift; sourceTree = "<group>"; };
		627795DE2AD38D14009E01EA /* SceneDelegate.swift */ = {isa = PBXFileReference; lastKnownFileType = sourcecode.swift; path = SceneDelegate.swift; sourceTree = "<group>"; };
		627795E02AD38D14009E01EA /* ViewController.swift */ = {isa = PBXFileReference; lastKnownFileType = sourcecode.swift; path = ViewController.swift; sourceTree = "<group>"; };
		627795E32AD38D14009E01EA /* Base */ = {isa = PBXFileReference; lastKnownFileType = file.storyboard; name = Base; path = Base.lproj/Main.storyboard; sourceTree = "<group>"; };
		627795E52AD38D16009E01EA /* Assets.xcassets */ = {isa = PBXFileReference; lastKnownFileType = folder.assetcatalog; path = Assets.xcassets; sourceTree = "<group>"; };
		627795E82AD38D16009E01EA /* Base */ = {isa = PBXFileReference; lastKnownFileType = file.storyboard; name = Base; path = Base.lproj/LaunchScreen.storyboard; sourceTree = "<group>"; };
		627795EA2AD38D16009E01EA /* Info.plist */ = {isa = PBXFileReference; lastKnownFileType = text.plist.xml; path = Info.plist; sourceTree = "<group>"; };
/* End PBXFileReference section */

/* Begin PBXFrameworksBuildPhase section */
		627795D62AD38D14009E01EA /* Frameworks */ = {
			isa = PBXFrameworksBuildPhase;
			buildActionMask = 2147483647;
			files = (
			);
			runOnlyForDeploymentPostprocessing = 0;
		};
/* End PBXFrameworksBuildPhase section */

/* Begin PBXGroup section */
		6256D0EB2B01CD6400F8A781 /* ViewController */ = {
			isa = PBXGroup;
			children = (
				6256D0E92B01729A00F8A781 /* DesempenhoViewController.swift */,
				6256D0E52B0077FE00F8A781 /* QuestaoViewController.swift */,
				627795E02AD38D14009E01EA /* ViewController.swift */,
			);
			path = ViewController;
			sourceTree = "<group>";
		};
		6256D0EC2B01CDA200F8A781 /* Modelo */ = {
			isa = PBXGroup;
			children = (
				6256D0E72B0163D500F8A781 /* Questao.swift */,
			);
			path = Modelo;
			sourceTree = "<group>";
		};
		6256D0ED2B01CE4200F8A781 /* Extensoes */ = {
			isa = PBXGroup;
			children = (
				6256D0EE2B01CE6000F8A781 /* UiColor.swift */,
			);
			path = Extensoes;
			sourceTree = "<group>";
		};
		627795D02AD38D14009E01EA = {
			isa = PBXGroup;
			children = (
				627795DB2AD38D14009E01EA /* IQuiz */,
				627795DA2AD38D14009E01EA /* Products */,
			);
			sourceTree = "<group>";
		};
		627795DA2AD38D14009E01EA /* Products */ = {
			isa = PBXGroup;
			children = (
				627795D92AD38D14009E01EA /* IQuiz.app */,
			);
			name = Products;
			sourceTree = "<group>";
		};
		627795DB2AD38D14009E01EA /* IQuiz */ = {
			isa = PBXGroup;
			children = (
				6256D0ED2B01CE4200F8A781 /* Extensoes */,
				6256D0EC2B01CDA200F8A781 /* Modelo */,
				6256D0EB2B01CD6400F8A781 /* ViewController */,
				627795DC2AD38D14009E01EA /* AppDelegate.swift */,
				627795DE2AD38D14009E01EA /* SceneDelegate.swift */,
				627795E22AD38D14009E01EA /* Main.storyboard */,
				627795E52AD38D16009E01EA /* Assets.xcassets */,
				627795E72AD38D16009E01EA /* LaunchScreen.storyboard */,
				627795EA2AD38D16009E01EA /* Info.plist */,
			);
			path = IQuiz;
			sourceTree = "<group>";
		};
/* End PBXGroup section */

/* Begin PBXNativeTarget section */
		627795D82AD38D14009E01EA /* IQuiz */ = {
			isa = PBXNativeTarget;
			buildConfigurationList = 627795ED2AD38D16009E01EA /* Build configuration list for PBXNativeTarget "IQuiz" */;
			buildPhases = (
				627795D52AD38D14009E01EA /* Sources */,
				627795D62AD38D14009E01EA /* Frameworks */,
				627795D72AD38D14009E01EA /* Resources */,
			);
			buildRules = (
			);
			dependencies = (
			);
			name = IQuiz;
			productName = IQuiz;
			productReference = 627795D92AD38D14009E01EA /* IQuiz.app */;
			productType = "com.apple.product-type.application";
		};
/* End PBXNativeTarget section */

/* Begin PBXProject section */
		627795D12AD38D14009E01EA /* Project object */ = {
			isa = PBXProject;
			attributes = {
				BuildIndependentTargetsInParallel = 1;
				LastSwiftUpdateCheck = 1500;
				LastUpgradeCheck = 1500;
				TargetAttributes = {
					627795D82AD38D14009E01EA = {
						CreatedOnToolsVersion = 15.0;
					};
				};
			};
			buildConfigurationList = 627795D42AD38D14009E01EA /* Build configuration list for PBXProject "IQuiz" */;
			compatibilityVersion = "Xcode 14.0";
			developmentRegion = en;
			hasScannedForEncodings = 0;
			knownRegions = (
				en,
				Base,
			);
			mainGroup = 627795D02AD38D14009E01EA;
			productRefGroup = 627795DA2AD38D14009E01EA /* Products */;
			projectDirPath = "";
			projectRoot = "";
			targets = (
				627795D82AD38D14009E01EA /* IQuiz */,
			);
		};
/* End PBXProject section */

/* Begin PBXResourcesBuildPhase section */
		627795D72AD38D14009E01EA /* Resources */ = {
			isa = PBXResourcesBuildPhase;
			buildActionMask = 2147483647;
			files = (
				627795E92AD38D16009E01EA /* LaunchScreen.storyboard in Resources */,
				627795E62AD38D16009E01EA /* Assets.xcassets in Resources */,
				627795E42AD38D14009E01EA /* Main.storyboard in Resources */,
			);
			runOnlyForDeploymentPostprocessing = 0;
		};
/* End PBXResourcesBuildPhase section */

/* Begin PBXSourcesBuildPhase section */
		627795D52AD38D14009E01EA /* Sources */ = {
			isa = PBXSourcesBuildPhase;
			buildActionMask = 2147483647;
			files = (
				627795E12AD38D14009E01EA /* ViewController.swift in Sources */,
				627795DD2AD38D14009E01EA /* AppDelegate.swift in Sources */,
				627795DF2AD38D14009E01EA /* SceneDelegate.swift in Sources */,
				6256D0E82B0163D500F8A781 /* Questao.swift in Sources */,
				6256D0EA2B01729A00F8A781 /* DesempenhoViewController.swift in Sources */,
				6256D0EF2B01CE6000F8A781 /* UiColor.swift in Sources */,
				6256D0E62B0077FE00F8A781 /* QuestaoViewController.swift in Sources */,
			);
			runOnlyForDeploymentPostprocessing = 0;
		};
/* End PBXSourcesBuildPhase section */

/* Begin PBXVariantGroup section */
		627795E22AD38D14009E01EA /* Main.storyboard */ = {
			isa = PBXVariantGroup;
			children = (
				627795E32AD38D14009E01EA /* Base */,
			);
			name = Main.storyboard;
			sourceTree = "<group>";
		};
		627795E72AD38D16009E01EA /* LaunchScreen.storyboard */ = {
			isa = PBXVariantGroup;
			children = (
				627795E82AD38D16009E01EA /* Base */,
			);
			name = LaunchScreen.storyboard;
			sourceTree = "<group>";
		};
/* End PBXVariantGroup section */

/* Begin XCBuildConfiguration section */
		627795EB2AD38D16009E01EA /* Debug */ = {
			isa = XCBuildConfiguration;
			buildSettings = {
				ALWAYS_SEARCH_USER_PATHS = NO;
				ASSETCATALOG_COMPILER_GENERATE_SWIFT_ASSET_SYMBOL_EXTENSIONS = YES;
				CLANG_ANALYZER_NONNULL = YES;
				CLANG_ANALYZER_NUMBER_OBJECT_CONVERSION = YES_AGGRESSIVE;
				CLANG_CXX_LANGUAGE_STANDARD = "gnu++20";
				CLANG_ENABLE_MODULES = YES;
				CLANG_ENABLE_OBJC_ARC = YES;
				CLANG_ENABLE_OBJC_WEAK = YES;
				CLANG_WARN_BLOCK_CAPTURE_AUTORELEASING = YES;
				CLANG_WARN_BOOL_CONVERSION = YES;
				CLANG_WARN_COMMA = YES;
				CLANG_WARN_CONSTANT_CONVERSION = YES;
				CLANG_WARN_DEPRECATED_OBJC_IMPLEMENTATIONS = YES;
				CLANG_WARN_DIRECT_OBJC_ISA_USAGE = YES_ERROR;
				CLANG_WARN_DOCUMENTATION_COMMENTS = YES;
				CLANG_WARN_EMPTY_BODY = YES;
				CLANG_WARN_ENUM_CONVERSION = YES;
				CLANG_WARN_INFINITE_RECURSION = YES;
				CLANG_WARN_INT_CONVERSION = YES;
				CLANG_WARN_NON_LITERAL_NULL_CONVERSION = YES;
				CLANG_WARN_OBJC_IMPLICIT_RETAIN_SELF = YES;
				CLANG_WARN_OBJC_LITERAL_CONVERSION = YES;
				CLANG_WARN_OBJC_ROOT_CLASS = YES_ERROR;
				CLANG_WARN_QUOTED_INCLUDE_IN_FRAMEWORK_HEADER = YES;
				CLANG_WARN_RANGE_LOOP_ANALYSIS = YES;
				CLANG_WARN_STRICT_PROTOTYPES = YES;
				CLANG_WARN_SUSPICIOUS_MOVE = YES;
				CLANG_WARN_UNGUARDED_AVAILABILITY = YES_AGGRESSIVE;
				CLANG_WARN_UNREACHABLE_CODE = YES;
				CLANG_WARN__DUPLICATE_METHOD_MATCH = YES;
				COPY_PHASE_STRIP = NO;
				DEBUG_INFORMATION_FORMAT = dwarf;
				ENABLE_STRICT_OBJC_MSGSEND = YES;
				ENABLE_TESTABILITY = YES;
				ENABLE_USER_SCRIPT_SANDBOXING = YES;
				GCC_C_LANGUAGE_STANDARD = gnu17;
				GCC_DYNAMIC_NO_PIC = NO;
				GCC_NO_COMMON_BLOCKS = YES;
				GCC_OPTIMIZATION_LEVEL = 0;
				GCC_PREPROCESSOR_DEFINITIONS = (
					"DEBUG=1",
					"$(inherited)",
				);
				GCC_WARN_64_TO_32_BIT_CONVERSION = YES;
				GCC_WARN_ABOUT_RETURN_TYPE = YES_ERROR;
				GCC_WARN_UNDECLARED_SELECTOR = YES;
				GCC_WARN_UNINITIALIZED_AUTOS = YES_AGGRESSIVE;
				GCC_WARN_UNUSED_FUNCTION = YES;
				GCC_WARN_UNUSED_VARIABLE = YES;
				IPHONEOS_DEPLOYMENT_TARGET = 17.0;
				LOCALIZATION_PREFERS_STRING_CATALOGS = YES;
				MTL_ENABLE_DEBUG_INFO = INCLUDE_SOURCE;
				MTL_FAST_MATH = YES;
				ONLY_ACTIVE_ARCH = YES;
				SDKROOT = iphoneos;
				SWIFT_ACTIVE_COMPILATION_CONDITIONS = "DEBUG $(inherited)";
				SWIFT_OPTIMIZATION_LEVEL = "-Onone";
			};
			name = Debug;
		};
		627795EC2AD38D16009E01EA /* Release */ = {
			isa = XCBuildConfiguration;
			buildSettings = {
				ALWAYS_SEARCH_USER_PATHS = NO;
				ASSETCATALOG_COMPILER_GENERATE_SWIFT_ASSET_SYMBOL_EXTENSIONS = YES;
				CLANG_ANALYZER_NONNULL = YES;
				CLANG_ANALYZER_NUMBER_OBJECT_CONVERSION = YES_AGGRESSIVE;
				CLANG_CXX_LANGUAGE_STANDARD = "gnu++20";
				CLANG_ENABLE_MODULES = YES;
				CLANG_ENABLE_OBJC_ARC = YES;
				CLANG_ENABLE_OBJC_WEAK = YES;
				CLANG_WARN_BLOCK_CAPTURE_AUTORELEASING = YES;
				CLANG_WARN_BOOL_CONVERSION = YES;
				CLANG_WARN_COMMA = YES;
				CLANG_WARN_CONSTANT_CONVERSION = YES;
				CLANG_WARN_DEPRECATED_OBJC_IMPLEMENTATIONS = YES;
				CLANG_WARN_DIRECT_OBJC_ISA_USAGE = YES_ERROR;
				CLANG_WARN_DOCUMENTATION_COMMENTS = YES;
				CLANG_WARN_EMPTY_BODY = YES;
				CLANG_WARN_ENUM_CONVERSION = YES;
				CLANG_WARN_INFINITE_RECURSION = YES;
				CLANG_WARN_INT_CONVERSION = YES;
				CLANG_WARN_NON_LITERAL_NULL_CONVERSION = YES;
				CLANG_WARN_OBJC_IMPLICIT_RETAIN_SELF = YES;
				CLANG_WARN_OBJC_LITERAL_CONVERSION = YES;
				CLANG_WARN_OBJC_ROOT_CLASS = YES_ERROR;
				CLANG_WARN_QUOTED_INCLUDE_IN_FRAMEWORK_HEADER = YES;
				CLANG_WARN_RANGE_LOOP_ANALYSIS = YES;
				CLANG_WARN_STRICT_PROTOTYPES = YES;
				CLANG_WARN_SUSPICIOUS_MOVE = YES;
				CLANG_WARN_UNGUARDED_AVAILABILITY = YES_AGGRESSIVE;
				CLANG_WARN_UNREACHABLE_CODE = YES;
				CLANG_WARN__DUPLICATE_METHOD_MATCH = YES;
				COPY_PHASE_STRIP = NO;
				DEBUG_INFORMATION_FORMAT = "dwarf-with-dsym";
				ENABLE_NS_ASSERTIONS = NO;
				ENABLE_STRICT_OBJC_MSGSEND = YES;
				ENABLE_USER_SCRIPT_SANDBOXING = YES;
				GCC_C_LANGUAGE_STANDARD = gnu17;
				GCC_NO_COMMON_BLOCKS = YES;
				GCC_WARN_64_TO_32_BIT_CONVERSION = YES;
				GCC_WARN_ABOUT_RETURN_TYPE = YES_ERROR;
				GCC_WARN_UNDECLARED_SELECTOR = YES;
				GCC_WARN_UNINITIALIZED_AUTOS = YES_AGGRESSIVE;
				GCC_WARN_UNUSED_FUNCTION = YES;
				GCC_WARN_UNUSED_VARIABLE = YES;
				IPHONEOS_DEPLOYMENT_TARGET = 17.0;
				LOCALIZATION_PREFERS_STRING_CATALOGS = YES;
				MTL_ENABLE_DEBUG_INFO = NO;
				MTL_FAST_MATH = YES;
				SDKROOT = iphoneos;
				SWIFT_COMPILATION_MODE = wholemodule;
				VALIDATE_PRODUCT = YES;
			};
			name = Release;
		};
		627795EE2AD38D16009E01EA /* Debug */ = {
			isa = XCBuildConfiguration;
			buildSettings = {
				ASSETCATALOG_COMPILER_APPICON_NAME = AppIcon;
				ASSETCATALOG_COMPILER_GLOBAL_ACCENT_COLOR_NAME = AccentColor;
				CODE_SIGN_STYLE = Automatic;
				CURRENT_PROJECT_VERSION = 1;
				DEVELOPMENT_TEAM = 9ZZ4Y4TB83;
				GENERATE_INFOPLIST_FILE = YES;
				INFOPLIST_FILE = IQuiz/Info.plist;
				INFOPLIST_KEY_UIApplicationSupportsIndirectInputEvents = YES;
				INFOPLIST_KEY_UILaunchStoryboardName = LaunchScreen;
				INFOPLIST_KEY_UIMainStoryboardFile = Main;
				INFOPLIST_KEY_UISupportedInterfaceOrientations_iPad = "UIInterfaceOrientationPortrait UIInterfaceOrientationPortraitUpsideDown UIInterfaceOrientationLandscapeLeft UIInterfaceOrientationLandscapeRight";
				INFOPLIST_KEY_UISupportedInterfaceOrientations_iPhone = "UIInterfaceOrientationPortrait UIInterfaceOrientationLandscapeLeft UIInterfaceOrientationLandscapeRight";
				IPHONEOS_DEPLOYMENT_TARGET = 13.0;
				LD_RUNPATH_SEARCH_PATHS = (
					"$(inherited)",
					"@executable_path/Frameworks",
				);
				MARKETING_VERSION = 1.0;
				PRODUCT_BUNDLE_IDENTIFIER = curso.IQuiz;
				PRODUCT_NAME = "$(TARGET_NAME)";
				SWIFT_EMIT_LOC_STRINGS = YES;
				SWIFT_VERSION = 5.0;
				TARGETED_DEVICE_FAMILY = "1,2";
			};
			name = Debug;
		};
		627795EF2AD38D16009E01EA /* Release */ = {
			isa = XCBuildConfiguration;
			buildSettings = {
				ASSETCATALOG_COMPILER_APPICON_NAME = AppIcon;
				ASSETCATALOG_COMPILER_GLOBAL_ACCENT_COLOR_NAME = AccentColor;
				CODE_SIGN_STYLE = Automatic;
				CURRENT_PROJECT_VERSION = 1;
				DEVELOPMENT_TEAM = 9ZZ4Y4TB83;
				GENERATE_INFOPLIST_FILE = YES;
				INFOPLIST_FILE = IQuiz/Info.plist;
				INFOPLIST_KEY_UIApplicationSupportsIndirectInputEvents = YES;
				INFOPLIST_KEY_UILaunchStoryboardName = LaunchScreen;
				INFOPLIST_KEY_UIMainStoryboardFile = Main;
				INFOPLIST_KEY_UISupportedInterfaceOrientations_iPad = "UIInterfaceOrientationPortrait UIInterfaceOrientationPortraitUpsideDown UIInterfaceOrientationLandscapeLeft UIInterfaceOrientationLandscapeRight";
				INFOPLIST_KEY_UISupportedInterfaceOrientations_iPhone = "UIInterfaceOrientationPortrait UIInterfaceOrientationLandscapeLeft UIInterfaceOrientationLandscapeRight";
				IPHONEOS_DEPLOYMENT_TARGET = 13.0;
				LD_RUNPATH_SEARCH_PATHS = (
					"$(inherited)",
					"@executable_path/Frameworks",
				);
				MARKETING_VERSION = 1.0;
				PRODUCT_BUNDLE_IDENTIFIER = curso.IQuiz;
				PRODUCT_NAME = "$(TARGET_NAME)";
				SWIFT_EMIT_LOC_STRINGS = YES;
				SWIFT_VERSION = 5.0;
				TARGETED_DEVICE_FAMILY = "1,2";
			};
			name = Release;
		};
/* End XCBuildConfiguration section */

/* Begin XCConfigurationList section */
		627795D42AD38D14009E01EA /* Build configuration list for PBXProject "IQuiz" */ = {
			isa = XCConfigurationList;
			buildConfigurations = (
				627795EB2AD38D16009E01EA /* Debug */,
				627795EC2AD38D16009E01EA /* Release */,
			);
			defaultConfigurationIsVisible = 0;
			defaultConfigurationName = Release;
		};
		627795ED2AD38D16009E01EA /* Build configuration list for PBXNativeTarget "IQuiz" */ = {
			isa = XCConfigurationList;
			buildConfigurations = (
				627795EE2AD38D16009E01EA /* Debug */,
				627795EF2AD38D16009E01EA /* Release */,
			);
			defaultConfigurationIsVisible = 0;
			defaultConfigurationName = Release;
		};
/* End XCConfigurationList section */
	};
	rootObject = 627795D12AD38D14009E01EA /* Project object */;
}
